
Microsoft Visual Studio Solution File, Format Version 12.00
# Visual Studio Version 17
VisualStudioVersion = 17.11.35219.272
MinimumVisualStudioVersion = 10.0.40219.1
Project("{FAE04EC0-301F-11D3-BF4B-00C04F79EFBC}") = "ex02", "ex02\ex02.csproj", "{9B7679FD-B4AA-41ED-8F94-927AF4EF7FFF}"
EndProject
Global
	GlobalSection(SolutionConfigurationPlatforms) = preSolution
		Debug|Any CPU = Debug|Any CPU
		Release|Any CPU = Release|Any CPU
	EndGlobalSection
	GlobalSection(ProjectConfigurationPlatforms) = postSolution
		{9B7679FD-B4AA-41ED-8F94-927AF4EF7FFF}.Debug|Any CPU.ActiveCfg = Debug|Any CPU
		{9B7679FD-B4AA-41ED-8F94-927AF4EF7FFF}.Debug|Any CPU.Build.0 = Debug|Any CPU
		{9B7679FD-B4AA-41ED-8F94-927AF4EF7FFF}.Release|Any CPU.ActiveCfg = Release|Any CPU
		{9B7679FD-B4AA-41ED-8F94-927AF4EF7FFF}.Release|Any CPU.Build.0 = Release|Any CPU
	EndGlobalSection
	GlobalSection(SolutionProperties) = preSolution
		HideSolutionNode = FALSE
	EndGlobalSection
	GlobalSection(ExtensibilityGlobals) = postSolution
		SolutionGuid = {E5E836F3-E7AA-442B-AC51-97EB88606063}
	EndGlobalSection
EndGlobal
